
Microsoft Visual Studio Solution File, Format Version 12.00
# Visual Studio Version 17
VisualStudioVersion = 17.7.34031.279
MinimumVisualStudioVersion = 10.0.40219.1
Project("{9A19103F-16F7-4668-BE54-9A1E7A4F7556}") = "pract17", "pract17.csproj", "{A3F38F0C-FFA4-4DB4-A40C-4900620FCCAC}"
EndProject
Project("{9A19103F-16F7-4668-BE54-9A1E7A4F7556}") = "pract17consol", "..\pract17consol\pract17consol.csproj", "{46A89E57-F0AE-4EE5-93FF-7DC9B949F2E8}"
EndProject
Project("{FAE04EC0-301F-11D3-BF4B-00C04F79EFBC}") = "pract17form", "..\pract17form\pract17form.csproj", "{7BC34AB2-FA8B-416A-BA9E-DED1843FDFDC}"
EndProject
Global
	GlobalSection(SolutionConfigurationPlatforms) = preSolution
		Debug|Any CPU = Debug|Any CPU
		Release|Any CPU = Release|Any CPU
	EndGlobalSection
	GlobalSection(ProjectConfigurationPlatforms) = postSolution
		{A3F38F0C-FFA4-4DB4-A40C-4900620FCCAC}.Debug|Any CPU.ActiveCfg = Debug|Any CPU
		{A3F38F0C-FFA4-4DB4-A40C-4900620FCCAC}.Debug|Any CPU.Build.0 = Debug|Any CPU
		{A3F38F0C-FFA4-4DB4-A40C-4900620FCCAC}.Release|Any CPU.ActiveCfg = Release|Any CPU
		{A3F38F0C-FFA4-4DB4-A40C-4900620FCCAC}.Release|Any CPU.Build.0 = Release|Any CPU
		{46A89E57-F0AE-4EE5-93FF-7DC9B949F2E8}.Debug|Any CPU.ActiveCfg = Debug|Any CPU
		{46A89E57-F0AE-4EE5-93FF-7DC9B949F2E8}.Debug|Any CPU.Build.0 = Debug|Any CPU
		{46A89E57-F0AE-4EE5-93FF-7DC9B949F2E8}.Release|Any CPU.ActiveCfg = Release|Any CPU
		{46A89E57-F0AE-4EE5-93FF-7DC9B949F2E8}.Release|Any CPU.Build.0 = Release|Any CPU
		{7BC34AB2-FA8B-416A-BA9E-DED1843FDFDC}.Debug|Any CPU.ActiveCfg = Debug|Any CPU
		{7BC34AB2-FA8B-416A-BA9E-DED1843FDFDC}.Debug|Any CPU.Build.0 = Debug|Any CPU
		{7BC34AB2-FA8B-416A-BA9E-DED1843FDFDC}.Release|Any CPU.ActiveCfg = Release|Any CPU
		{7BC34AB2-FA8B-416A-BA9E-DED1843FDFDC}.Release|Any CPU.Build.0 = Release|Any CPU
	EndGlobalSection
	GlobalSection(SolutionProperties) = preSolution
		HideSolutionNode = FALSE
	EndGlobalSection
	GlobalSection(ExtensibilityGlobals) = postSolution
		SolutionGuid = {883F18C9-8262-4A7A-837C-0C6E7DE4A4E6}
	EndGlobalSection
EndGlobal
